{
  "name": "video-maker-1",
  "version": "1.0.0",
  "lockfileVersion": 2,
  "requires": true,
  "packages": {
    "": {
      "name": "video-maker-1",
      "version": "1.0.0",
      "license": "ISC",
      "dependencies": {
        "library-parser": "^1.1.0",
        "parser": "^0.1.4",
        "readline-sync": "^1.4.10",
        "rss-parser": "^3.12.0"
      }
    },
    "node_modules/disect": {
      "version": "1.1.1",
      "resolved": "https://registry.npmjs.org/disect/-/disect-1.1.1.tgz",
      "integrity": "sha512-rr2Ym8FSAoqAJ1KfpUiQ/Io01HP0LZPHBuppbFsHozmSNf+YwrvyD5pm5tMTUApJFNwD7HeWJ5DGldSugScukA=="
    },
    "node_modules/entities": {
      "version": "2.2.0",
      "resolved": "https://registry.npmjs.org/entities/-/entities-2.2.0.tgz",
      "integrity": "sha512-p92if5Nz619I0w+akJrLZH0MX0Pb5DX39XOwQTtXSdQQOaYH03S1uIQp4mhOZtAXrxq4ViO67YTiLBo2638o9A==",
      "funding": {
        "url": "https://github.com/fb55/entities?sponsor=1"
      }
    },
    "node_modules/filewalker": {
      "version": "0.1.3",
      "resolved": "https://registry.npmjs.org/filewalker/-/filewalker-0.1.3.tgz",
      "integrity": "sha512-7a+lUGd9/J3cw1I1VdhBpRV+L/9rOyirJ6K+GZ2m/8SM6wHMq1MsLjven0i+as4gEXCr64JlHFn3oCExGW5BFQ==",
      "dependencies": {
        "fqueue": "0.0.x"
      },
      "engines": {
        "node": ">= 0.4.x"
      }
    },
    "node_modules/fqueue": {
      "version": "0.0.0",
      "resolved": "https://registry.npmjs.org/fqueue/-/fqueue-0.0.0.tgz",
      "integrity": "sha512-C2JTxMAgYNjKidq3zQBCbNVsDFFZ1PyRlN/RWo2rJstaz6UeX6zbdzFNFxKZeCWIp0p9xPK4HJl6AjVrKyY0yg==",
      "engines": {
        "node": ">= 0.4.x"
      }
    },
    "node_modules/library-parser": {
      "version": "1.1.0",
      "resolved": "https://registry.npmjs.org/library-parser/-/library-parser-1.1.0.tgz",
      "integrity": "sha512-bslvWj7MuEAmHbMujiEQq7HpyCJ3u41fKbvInTJ4mToaIfYP8VspegVi4H10rNSMV10U+4KnVTf4K7mXIBq7IA==",
      "dependencies": {
        "filewalker": "^0.1.3",
        "lodash": "^4.17.11"
      }
    },
    "node_modules/lodash": {
      "version": "4.17.21",
      "resolved": "https://registry.npmjs.org/lodash/-/lodash-4.17.21.tgz",
      "integrity": "sha512-v2kDEe57lecTulaDIuNTPy3Ry4gLGJ6Z1O3vE1krgXZNrsQ+LFTGHVxVjcXPs17LhbZVGedAJv8XZ1tvj5FvSg=="
    },
    "node_modules/parser": {
      "version": "0.1.4",
      "resolved": "https://registry.npmjs.org/parser/-/parser-0.1.4.tgz",
      "integrity": "sha512-f6EM/mBtPzmIh96MpcbePfhkBOYRmLYWuOukJqMysMlvjp4s2MQSSQnFEekd9GV4JGTnDJ2uFt3Ztcqc9wCMJg==",
      "dependencies": {
        "tokenizer": "*"
      },
      "engines": {
        "node": "0.4-0.9"
      }
    },
    "node_modules/readline-sync": {
      "version": "1.4.10",
      "resolved": "https://registry.npmjs.org/readline-sync/-/readline-sync-1.4.10.tgz",
      "integrity": "sha512-gNva8/6UAe8QYepIQH/jQ2qn91Qj0B9sYjMBBs3QOB8F2CXcKgLxQaJRP76sWVRQt+QU+8fAkCbCvjjMFu7Ycw==",
      "engines": {
        "node": ">= 0.8.0"
      }
    },
    "node_modules/rss-parser": {
      "version": "3.12.0",
      "resolved": "https://registry.npmjs.org/rss-parser/-/rss-parser-3.12.0.tgz",
      "integrity": "sha512-aqD3E8iavcCdkhVxNDIdg1nkBI17jgqF+9OqPS1orwNaOgySdpvq6B+DoONLhzjzwV8mWg37sb60e4bmLK117A==",
      "dependencies": {
        "entities": "^2.0.3",
        "xml2js": "^0.4.19"
      }
    },
    "node_modules/sax": {
      "version": "1.2.4",
      "resolved": "https://registry.npmjs.org/sax/-/sax-1.2.4.tgz",
      "integrity": "sha512-NqVDv9TpANUjFm0N8uM5GxL36UgKi9/atZw+x7YFnQ8ckwFGKrl4xX4yWtrey3UJm5nP1kUbnYgLopqWNSRhWw=="
    },
    "node_modules/tokenizer": {
      "version": "1.1.2",
      "resolved": "https://registry.npmjs.org/tokenizer/-/tokenizer-1.1.2.tgz",
      "integrity": "sha512-c/EYsBwEW/EX28q44UaSrJ9o5M2aI+N/xdJJ4Zl7dNq76OmWQHhmXH0T8DJQNjVYPc7NclV2CZQfyeUMfnEu/A==",
      "dependencies": {
        "disect": "~1.1.0"
      },
      "engines": {
        "node": "0.10.x"
      }
    },
    "node_modules/xml2js": {
      "version": "0.4.23",
      "resolved": "https://registry.npmjs.org/xml2js/-/xml2js-0.4.23.tgz",
      "integrity": "sha512-ySPiMjM0+pLDftHgXY4By0uswI3SPKLDw/i3UXbnO8M/p28zqexCUoPmQFrYD+/1BzhGJSs2i1ERWKJAtiLrug==",
      "dependencies": {
        "sax": ">=0.6.0",
        "xmlbuilder": "~11.0.0"
      },
      "engines": {
        "node": ">=4.0.0"
      }
    },
    "node_modules/xmlbuilder": {
      "version": "11.0.1",
      "resolved": "https://registry.npmjs.org/xmlbuilder/-/xmlbuilder-11.0.1.tgz",
      "integrity": "sha512-fDlsI/kFEx7gLvbecc0/ohLG50fugQp8ryHzMTuW9vSa1GJ0XYWKnhsUx7oie3G98+r56aTQIUB4kht42R3JvA==",
      "engines": {
        "node": ">=4.0"
      }
    }
  },
  "dependencies": {
    "disect": {
      "version": "1.1.1",
      "resolved": "https://registry.npmjs.org/disect/-/disect-1.1.1.tgz",
      "integrity": "sha512-rr2Ym8FSAoqAJ1KfpUiQ/Io01HP0LZPHBuppbFsHozmSNf+YwrvyD5pm5tMTUApJFNwD7HeWJ5DGldSugScukA=="
    },
    "entities": {
      "version": "2.2.0",
      "resolved": "https://registry.npmjs.org/entities/-/entities-2.2.0.tgz",
      "integrity": "sha512-p92if5Nz619I0w+akJrLZH0MX0Pb5DX39XOwQTtXSdQQOaYH03S1uIQp4mhOZtAXrxq4ViO67YTiLBo2638o9A=="
    },
    "filewalker": {
      "version": "0.1.3",
      "resolved": "https://registry.npmjs.org/filewalker/-/filewalker-0.1.3.tgz",
      "integrity": "sha512-7a+lUGd9/J3cw1I1VdhBpRV+L/9rOyirJ6K+GZ2m/8SM6wHMq1MsLjven0i+as4gEXCr64JlHFn3oCExGW5BFQ==",
      "requires": {
        "fqueue": "0.0.x"
      }
    },
    "fqueue": {
      "version": "0.0.0",
      "resolved": "https://registry.npmjs.org/fqueue/-/fqueue-0.0.0.tgz",
      "integrity": "sha512-C2JTxMAgYNjKidq3zQBCbNVsDFFZ1PyRlN/RWo2rJstaz6UeX6zbdzFNFxKZeCWIp0p9xPK4HJl6AjVrKyY0yg=="
    },
    "library-parser": {
      "version": "1.1.0",
      "resolved": "https://registry.npmjs.org/library-parser/-/library-parser-1.1.0.tgz",
      "integrity": "sha512-bslvWj7MuEAmHbMujiEQq7HpyCJ3u41fKbvInTJ4mToaIfYP8VspegVi4H10rNSMV10U+4KnVTf4K7mXIBq7IA==",
      "requires": {
        "filewalker": "^0.1.3",
        "lodash": "^4.17.11"
      }
    },
    "lodash": {
      "version": "4.17.21",
      "resolved": "https://registry.npmjs.org/lodash/-/lodash-4.17.21.tgz",
      "integrity": "sha512-v2kDEe57lecTulaDIuNTPy3Ry4gLGJ6Z1O3vE1krgXZNrsQ+LFTGHVxVjcXPs17LhbZVGedAJv8XZ1tvj5FvSg=="
    },
    "parser": {
      "version": "0.1.4",
      "resolved": "https://registry.npmjs.org/parser/-/parser-0.1.4.tgz",
      "integrity": "sha512-f6EM/mBtPzmIh96MpcbePfhkBOYRmLYWuOukJqMysMlvjp4s2MQSSQnFEekd9GV4JGTnDJ2uFt3Ztcqc9wCMJg==",
      "requires": {
        "tokenizer": "*"
      }
    },
    "readline-sync": {
      "version": "1.4.10",
      "resolved": "https://registry.npmjs.org/readline-sync/-/readline-sync-1.4.10.tgz",
      "integrity": "sha512-gNva8/6UAe8QYepIQH/jQ2qn91Qj0B9sYjMBBs3QOB8F2CXcKgLxQaJRP76sWVRQt+QU+8fAkCbCvjjMFu7Ycw=="
    },
    "rss-parser": {
      "version": "3.12.0",
      "resolved": "https://registry.npmjs.org/rss-parser/-/rss-parser-3.12.0.tgz",
      "integrity": "sha512-aqD3E8iavcCdkhVxNDIdg1nkBI17jgqF+9OqPS1orwNaOgySdpvq6B+DoONLhzjzwV8mWg37sb60e4bmLK117A==",
      "requires": {
        "entities": "^2.0.3",
        "xml2js": "^0.4.19"
      }
    },
    "sax": {
      "version": "1.2.4",
      "resolved": "https://registry.npmjs.org/sax/-/sax-1.2.4.tgz",
      "integrity": "sha512-NqVDv9TpANUjFm0N8uM5GxL36UgKi9/atZw+x7YFnQ8ckwFGKrl4xX4yWtrey3UJm5nP1kUbnYgLopqWNSRhWw=="
    },
    "tokenizer": {
      "version": "1.1.2",
      "resolved": "https://registry.npmjs.org/tokenizer/-/tokenizer-1.1.2.tgz",
      "integrity": "sha512-c/EYsBwEW/EX28q44UaSrJ9o5M2aI+N/xdJJ4Zl7dNq76OmWQHhmXH0T8DJQNjVYPc7NclV2CZQfyeUMfnEu/A==",
      "requires": {
        "disect": "~1.1.0"
      }
    },
    "xml2js": {
      "version": "0.4.23",
      "resolved": "https://registry.npmjs.org/xml2js/-/xml2js-0.4.23.tgz",
      "integrity": "sha512-ySPiMjM0+pLDftHgXY4By0uswI3SPKLDw/i3UXbnO8M/p28zqexCUoPmQFrYD+/1BzhGJSs2i1ERWKJAtiLrug==",
      "requires": {
        "sax": ">=0.6.0",
        "xmlbuilder": "~11.0.0"
      }
    },
    "xmlbuilder": {
      "version": "11.0.1",
      "resolved": "https://registry.npmjs.org/xmlbuilder/-/xmlbuilder-11.0.1.tgz",
      "integrity": "sha512-fDlsI/kFEx7gLvbecc0/ohLG50fugQp8ryHzMTuW9vSa1GJ0XYWKnhsUx7oie3G98+r56aTQIUB4kht42R3JvA=="
    }
  }
}
